// !$*UTF8*$!
{
	archiveVersion = 1;
	classes = {
	};
	objectVersion = 50;
	objects = {

/* Begin PBXBuildFile section */
		F87E119D230F865C00899646 /* AppDelegate.swift in Sources */ = {isa = PBXBuildFile; fileRef = F87E119C230F865C00899646 /* AppDelegate.swift */; };
		F87E119F230F865C00899646 /* ViewController.swift in Sources */ = {isa = PBXBuildFile; fileRef = F87E119E230F865C00899646 /* ViewController.swift */; };
		F87E11A2230F865C00899646 /* Main.storyboard in Resources */ = {isa = PBXBuildFile; fileRef = F87E11A0230F865C00899646 /* Main.storyboard */; };
		F87E11A4230F865D00899646 /* Assets.xcassets in Resources */ = {isa = PBXBuildFile; fileRef = F87E11A3230F865D00899646 /* Assets.xcassets */; };
		F87E11A7230F865D00899646 /* LaunchScreen.storyboard in Resources */ = {isa = PBXBuildFile; fileRef = F87E11A5230F865D00899646 /* LaunchScreen.storyboard */; };
		F87E11AF230F868100899646 /* GroceryProduct.swift in Sources */ = {isa = PBXBuildFile; fileRef = F87E11AE230F868100899646 /* GroceryProduct.swift */; };
		F87E13D1230F9AC500899646 /* ProductList.json in Resources */ = {isa = PBXBuildFile; fileRef = F87E13D0230F9AC500899646 /* ProductList.json */; };
		F87E13D3230F9F1A00899646 /* ProductListModel.swift in Sources */ = {isa = PBXBuildFile; fileRef = F87E13D2230F9F1A00899646 /* ProductListModel.swift */; };
/* End PBXBuildFile section */

/* Begin PBXFileReference section */
		F87E1199230F865C00899646 /* JSONDecoderDemo.app */ = {isa = PBXFileReference; explicitFileType = wrapper.application; includeInIndex = 0; path = JSONDecoderDemo.app; sourceTree = BUILT_PRODUCTS_DIR; };
		F87E119C230F865C00899646 /* AppDelegate.swift */ = {isa = PBXFileReference; lastKnownFileType = sourcecode.swift; path = AppDelegate.swift; sourceTree = "<group>"; };
		F87E119E230F865C00899646 /* ViewController.swift */ = {isa = PBXFileReference; lastKnownFileType = sourcecode.swift; path = ViewController.swift; sourceTree = "<group>"; };
		F87E11A1230F865C00899646 /* Base */ = {isa = PBXFileReference; lastKnownFileType = file.storyboard; name = Base; path = Base.lproj/Main.storyboard; sourceTree = "<group>"; };
		F87E11A3230F865D00899646 /* Assets.xcassets */ = {isa = PBXFileReference; lastKnownFileType = folder.assetcatalog; path = Assets.xcassets; sourceTree = "<group>"; };
		F87E11A6230F865D00899646 /* Base */ = {isa = PBXFileReference; lastKnownFileType = file.storyboard; name = Base; path = Base.lproj/LaunchScreen.storyboard; sourceTree = "<group>"; };
		F87E11A8230F865D00899646 /* Info.plist */ = {isa = PBXFileReference; lastKnownFileType = text.plist.xml; path = Info.plist; sourceTree = "<group>"; };
		F87E11AE230F868100899646 /* GroceryProduct.swift */ = {isa = PBXFileReference; lastKnownFileType = sourcecode.swift; path = GroceryProduct.swift; sourceTree = "<group>"; };
		F87E13D0230F9AC500899646 /* ProductList.json */ = {isa = PBXFileReference; fileEncoding = 4; lastKnownFileType = text.json; path = ProductList.json; sourceTree = "<group>"; };
		F87E13D2230F9F1A00899646 /* ProductListModel.swift */ = {isa = PBXFileReference; lastKnownFileType = sourcecode.swift; path = ProductListModel.swift; sourceTree = "<group>"; };
/* End PBXFileReference section */

/* Begin PBXFrameworksBuildPhase section */
		F87E1196230F865C00899646 /* Frameworks */ = {
			isa = PBXFrameworksBuildPhase;
			buildActionMask = 2147483647;
			files = (
			);
			runOnlyForDeploymentPostprocessing = 0;
		};
/* End PBXFrameworksBuildPhase section */

/* Begin PBXGroup section */
		F87E1190230F865C00899646 = {
			isa = PBXGroup;
			children = (
				F87E119B230F865C00899646 /* JSONDecoderDemo */,
				F87E119A230F865C00899646 /* Products */,
			);
			sourceTree = "<group>";
		};
		F87E119A230F865C00899646 /* Products */ = {
			isa = PBXGroup;
			children = (
				F87E1199230F865C00899646 /* JSONDecoderDemo.app */,
			);
			name = Products;
			sourceTree = "<group>";
		};
		F87E119B230F865C00899646 /* JSONDecoderDemo */ = {
			isa = PBXGroup;
			children = (
				F87E119C230F865C00899646 /* AppDelegate.swift */,
				F87E119E230F865C00899646 /* ViewController.swift */,
				F87E11AE230F868100899646 /* GroceryProduct.swift */,
				F87E13D0230F9AC500899646 /* ProductList.json */,
				F87E13D2230F9F1A00899646 /* ProductListModel.swift */,
				F87E11A0230F865C00899646 /* Main.storyboard */,
				F87E11A3230F865D00899646 /* Assets.xcassets */,
				F87E11A5230F865D00899646 /* LaunchScreen.storyboard */,
				F87E11A8230F865D00899646 /* Info.plist */,
			);
			path = JSONDecoderDemo;
			sourceTree = "<group>";
		};
/* End PBXGroup section */

/* Begin PBXNativeTarget section */
		F87E1198230F865C00899646 /* JSONDecoderDemo */ = {
			isa = PBXNativeTarget;
			buildConfigurationList = F87E11AB230F865D00899646 /* Build configuration list for PBXNativeTarget "JSONDecoderDemo" */;
			buildPhases = (
				F87E1195230F865C00899646 /* Sources */,
				F87E1196230F865C00899646 /* Frameworks */,
				F87E1197230F865C00899646 /* Resources */,
			);
			buildRules = (
			);
			dependencies = (
			);
			name = JSONDecoderDemo;
			productName = JSONDecoderDemo;
			productReference = F87E1199230F865C00899646 /* JSONDecoderDemo.app */;
			productType = "com.apple.product-type.application";
		};
/* End PBXNativeTarget section */

/* Begin PBXProject section */
		F87E1191230F865C00899646 /* Project object */ = {
			isa = PBXProject;
			attributes = {
				LastSwiftUpdateCheck = 1030;
				LastUpgradeCheck = 1030;
				ORGANIZATIONNAME = wjn;
				TargetAttributes = {
					F87E1198230F865C00899646 = {
						CreatedOnToolsVersion = 10.3;
					};
				};
			};
			buildConfigurationList = F87E1194230F865C00899646 /* Build configuration list for PBXProject "JSONDecoderDemo" */;
			compatibilityVersion = "Xcode 9.3";
			developmentRegion = en;
			hasScannedForEncodings = 0;
			knownRegions = (
				en,
				Base,
			);
			mainGroup = F87E1190230F865C00899646;
			productRefGroup = F87E119A230F865C00899646 /* Products */;
			projectDirPath = "";
			projectRoot = "";
			targets = (
				F87E1198230F865C00899646 /* JSONDecoderDemo */,
			);
		};
/* End PBXProject section */

/* Begin PBXResourcesBuildPhase section */
		F87E1197230F865C00899646 /* Resources */ = {
			isa = PBXResourcesBuildPhase;
			buildActionMask = 2147483647;
			files = (
				F87E11A7230F865D00899646 /* LaunchScreen.storyboard in Resources */,
				F87E13D1230F9AC500899646 /* ProductList.json in Resources */,
				F87E11A4230F865D00899646 /* Assets.xcassets in Resources */,
				F87E11A2230F865C00899646 /* Main.storyboard in Resources */,
			);
			runOnlyForDeploymentPostprocessing = 0;
		};
/* End PBXResourcesBuildPhase section */

/* Begin PBXSourcesBuildPhase section */
		F87E1195230F865C00899646 /* Sources */ = {
			isa = PBXSourcesBuildPhase;
			buildActionMask = 2147483647;
			files = (
				F87E119F230F865C00899646 /* ViewController.swift in Sources */,
				F87E11AF230F868100899646 /* GroceryProduct.swift in Sources */,
				F87E119D230F865C00899646 /* AppDelegate.swift in Sources */,
				F87E13D3230F9F1A00899646 /* ProductListModel.swift in Sources */,
			);
			runOnlyForDeploymentPostprocessing = 0;
		};
/* End PBXSourcesBuildPhase section */

/* Begin PBXVariantGroup section */
		F87E11A0230F865C00899646 /* Main.storyboard */ = {
			isa = PBXVariantGroup;
			children = (
				F87E11A1230F865C00899646 /* Base */,
			);
			name = Main.storyboard;
			sourceTree = "<group>";
		};
		F87E11A5230F865D00899646 /* LaunchScreen.storyboard */ = {
			isa = PBXVariantGroup;
			children = (
				F87E11A6230F865D00899646 /* Base */,
			);
			name = LaunchScreen.storyboard;
			sourceTree = "<group>";
		};
/* End PBXVariantGroup section */

/* Begin XCBuildConfiguration section */
		F87E11A9230F865D00899646 /* Debug */ = {
			isa = XCBuildConfiguration;
			buildSettings = {
				ALWAYS_SEARCH_USER_PATHS = NO;
				CLANG_ANALYZER_NONNULL = YES;
				CLANG_ANALYZER_NUMBER_OBJECT_CONVERSION = YES_AGGRESSIVE;
				CLANG_CXX_LANGUAGE_STANDARD = "gnu++14";
				CLANG_CXX_LIBRARY = "libc++";
				CLANG_ENABLE_MODULES = YES;
				CLANG_ENABLE_OBJC_ARC = YES;
				CLANG_ENABLE_OBJC_WEAK = YES;
				CLANG_WARN_BLOCK_CAPTURE_AUTORELEASING = YES;
				CLANG_WARN_BOOL_CONVERSION = YES;
				CLANG_WARN_COMMA = YES;
				CLANG_WARN_CONSTANT_CONVERSION = YES;
				CLANG_WARN_DEPRECATED_OBJC_IMPLEMENTATIONS = YES;
				CLANG_WARN_DIRECT_OBJC_ISA_USAGE = YES_ERROR;
				CLANG_WARN_DOCUMENTATION_COMMENTS = YES;
				CLANG_WARN_EMPTY_BODY = YES;
				CLANG_WARN_ENUM_CONVERSION = YES;
				CLANG_WARN_INFINITE_RECURSION = YES;
				CLANG_WARN_INT_CONVERSION = YES;
				CLANG_WARN_NON_LITERAL_NULL_CONVERSION = YES;
				CLANG_WARN_OBJC_IMPLICIT_RETAIN_SELF = YES;
				CLANG_WARN_OBJC_LITERAL_CONVERSION = YES;
				CLANG_WARN_OBJC_ROOT_CLASS = YES_ERROR;
				CLANG_WARN_RANGE_LOOP_ANALYSIS = YES;
				CLANG_WARN_STRICT_PROTOTYPES = YES;
				CLANG_WARN_SUSPICIOUS_MOVE = YES;
				CLANG_WARN_UNGUARDED_AVAILABILITY = YES_AGGRESSIVE;
				CLANG_WARN_UNREACHABLE_CODE = YES;
				CLANG_WARN__DUPLICATE_METHOD_MATCH = YES;
				CODE_SIGN_IDENTITY = "iPhone Developer";
				COPY_PHASE_STRIP = NO;
				DEBUG_INFORMATION_FORMAT = dwarf;
				ENABLE_STRICT_OBJC_MSGSEND = YES;
				ENABLE_TESTABILITY = YES;
				GCC_C_LANGUAGE_STANDARD = gnu11;
				GCC_DYNAMIC_NO_PIC = NO;
				GCC_NO_COMMON_BLOCKS = YES;
				GCC_OPTIMIZATION_LEVEL = 0;
				GCC_PREPROCESSOR_DEFINITIONS = (
					"DEBUG=1",
					"$(inherited)",
				);
				GCC_WARN_64_TO_32_BIT_CONVERSION = YES;
				GCC_WARN_ABOUT_RETURN_TYPE = YES_ERROR;
				GCC_WARN_UNDECLARED_SELECTOR = YES;
				GCC_WARN_UNINITIALIZED_AUTOS = YES_AGGRESSIVE;
				GCC_WARN_UNUSED_FUNCTION = YES;
				GCC_WARN_UNUSED_VARIABLE = YES;
				IPHONEOS_DEPLOYMENT_TARGET = 12.4;
				MTL_ENABLE_DEBUG_INFO = INCLUDE_SOURCE;
				MTL_FAST_MATH = YES;
				ONLY_ACTIVE_ARCH = YES;
				SDKROOT = iphoneos;
				SWIFT_ACTIVE_COMPILATION_CONDITIONS = DEBUG;
				SWIFT_OPTIMIZATION_LEVEL = "-Onone";
			};
			name = Debug;
		};
		F87E11AA230F865D00899646 /* Release */ = {
			isa = XCBuildConfiguration;
			buildSettings = {
				ALWAYS_SEARCH_USER_PATHS = NO;
				CLANG_ANALYZER_NONNULL = YES;
				CLANG_ANALYZER_NUMBER_OBJECT_CONVERSION = YES_AGGRESSIVE;
				CLANG_CXX_LANGUAGE_STANDARD = "gnu++14";
				CLANG_CXX_LIBRARY = "libc++";
				CLANG_ENABLE_MODULES = YES;
				CLANG_ENABLE_OBJC_ARC = YES;
				CLANG_ENABLE_OBJC_WEAK = YES;
				CLANG_WARN_BLOCK_CAPTURE_AUTORELEASING = YES;
				CLANG_WARN_BOOL_CONVERSION = YES;
				CLANG_WARN_COMMA = YES;
				CLANG_WARN_CONSTANT_CONVERSION = YES;
				CLANG_WARN_DEPRECATED_OBJC_IMPLEMENTATIONS = YES;
				CLANG_WARN_DIRECT_OBJC_ISA_USAGE = YES_ERROR;
				CLANG_WARN_DOCUMENTATION_COMMENTS = YES;
				CLANG_WARN_EMPTY_BODY = YES;
				CLANG_WARN_ENUM_CONVERSION = YES;
				CLANG_WARN_INFINITE_RECURSION = YES;
				CLANG_WARN_INT_CONVERSION = YES;
				CLANG_WARN_NON_LITERAL_NULL_CONVERSION = YES;
				CLANG_WARN_OBJC_IMPLICIT_RETAIN_SELF = YES;
				CLANG_WARN_OBJC_LITERAL_CONVERSION = YES;
				CLANG_WARN_OBJC_ROOT_CLASS = YES_ERROR;
				CLANG_WARN_RANGE_LOOP_ANALYSIS = YES;
				CLANG_WARN_STRICT_PROTOTYPES = YES;
				CLANG_WARN_SUSPICIOUS_MOVE = YES;
				CLANG_WARN_UNGUARDED_AVAILABILITY = YES_AGGRESSIVE;
				CLANG_WARN_UNREACHABLE_CODE = YES;
				CLANG_WARN__DUPLICATE_METHOD_MATCH = YES;
				CODE_SIGN_IDENTITY = "iPhone Developer";
				COPY_PHASE_STRIP = NO;
				DEBUG_INFORMATION_FORMAT = "dwarf-with-dsym";
				ENABLE_NS_ASSERTIONS = NO;
				ENABLE_STRICT_OBJC_MSGSEND = YES;
				GCC_C_LANGUAGE_STANDARD = gnu11;
				GCC_NO_COMMON_BLOCKS = YES;
				GCC_WARN_64_TO_32_BIT_CONVERSION = YES;
				GCC_WARN_ABOUT_RETURN_TYPE = YES_ERROR;
				GCC_WARN_UNDECLARED_SELECTOR = YES;
				GCC_WARN_UNINITIALIZED_AUTOS = YES_AGGRESSIVE;
				GCC_WARN_UNUSED_FUNCTION = YES;
				GCC_WARN_UNUSED_VARIABLE = YES;
				IPHONEOS_DEPLOYMENT_TARGET = 12.4;
				MTL_ENABLE_DEBUG_INFO = NO;
				MTL_FAST_MATH = YES;
				SDKROOT = iphoneos;
				SWIFT_COMPILATION_MODE = wholemodule;
				SWIFT_OPTIMIZATION_LEVEL = "-O";
				VALIDATE_PRODUCT = YES;
			};
			name = Release;
		};
		F87E11AC230F865D00899646 /* Debug */ = {
			isa = XCBuildConfiguration;
			buildSettings = {
				ASSETCATALOG_COMPILER_APPICON_NAME = AppIcon;
				CODE_SIGN_STYLE = Automatic;
				INFOPLIST_FILE = JSONDecoderDemo/Info.plist;
				LD_RUNPATH_SEARCH_PATHS = (
					"$(inherited)",
					"@executable_path/Frameworks",
				);
				PRODUCT_BUNDLE_IDENTIFIER = com.wjn.JSONDecoderDemo;
				PRODUCT_NAME = "$(TARGET_NAME)";
				SWIFT_VERSION = 5.0;
				TARGETED_DEVICE_FAMILY = "1,2";
			};
			name = Debug;
		};
		F87E11AD230F865D00899646 /* Release */ = {
			isa = XCBuildConfiguration;
			buildSettings = {
				ASSETCATALOG_COMPILER_APPICON_NAME = AppIcon;
				CODE_SIGN_STYLE = Automatic;
				INFOPLIST_FILE = JSONDecoderDemo/Info.plist;
				LD_RUNPATH_SEARCH_PATHS = (
					"$(inherited)",
					"@executable_path/Frameworks",
				);
				PRODUCT_BUNDLE_IDENTIFIER = com.wjn.JSONDecoderDemo;
				PRODUCT_NAME = "$(TARGET_NAME)";
				SWIFT_VERSION = 5.0;
				TARGETED_DEVICE_FAMILY = "1,2";
			};
			name = Release;
		};
/* End XCBuildConfiguration section */

/* Begin XCConfigurationList section */
		F87E1194230F865C00899646 /* Build configuration list for PBXProject "JSONDecoderDemo" */ = {
			isa = XCConfigurationList;
			buildConfigurations = (
				F87E11A9230F865D00899646 /* Debug */,
				F87E11AA230F865D00899646 /* Release */,
			);
			defaultConfigurationIsVisible = 0;
			defaultConfigurationName = Release;
		};
		F87E11AB230F865D00899646 /* Build configuration list for PBXNativeTarget "JSONDecoderDemo" */ = {
			isa = XCConfigurationList;
			buildConfigurations = (
				F87E11AC230F865D00899646 /* Debug */,
				F87E11AD230F865D00899646 /* Release */,
			);
			defaultConfigurationIsVisible = 0;
			defaultConfigurationName = Release;
		};
/* End XCConfigurationList section */
	};
	rootObject = F87E1191230F865C00899646 /* Project object */;
}
